
Microsoft Visual Studio Solution File, Format Version 12.00
# Visual Studio 2012
Project("{FAE04EC0-301F-11D3-BF4B-00C04F79EFBC}") = "qapp", "qapp\qapp.csproj", "{F23C3D2A-195E-47C8-862F-B5CE0C53A6F6}"
EndProject
Project("{2150E333-8FDC-42A3-9474-1A3956D46DE8}") = "Targets", "Targets", "{F7E7996E-C910-49CD-B74A-FD3314A43645}"
EndProject
Project("{FAE04EC0-301F-11D3-BF4B-00C04F79EFBC}") = "qapp.Droid", "Droid\qapp.Droid.csproj", "{C665A730-72C0-402C-B5C7-DAC797FFE00F}"
EndProject
Project("{FAE04EC0-301F-11D3-BF4B-00C04F79EFBC}") = "qapp.iOS", "iOS\qapp.iOS.csproj", "{2408881D-8D6F-4C22-A62E-1EB592055C86}"
EndProject
Global
	GlobalSection(SolutionConfigurationPlatforms) = preSolution
		Debug|Any CPU = Debug|Any CPU
		Release|Any CPU = Release|Any CPU
		Debug|iPhoneSimulator = Debug|iPhoneSimulator
		Release|iPhone = Release|iPhone
		Release|iPhoneSimulator = Release|iPhoneSimulator
		Debug|iPhone = Debug|iPhone
	EndGlobalSection
	GlobalSection(ProjectConfigurationPlatforms) = postSolution
		{2408881D-8D6F-4C22-A62E-1EB592055C86}.Debug|Any CPU.ActiveCfg = Debug|iPhoneSimulator
		{2408881D-8D6F-4C22-A62E-1EB592055C86}.Debug|Any CPU.Build.0 = Debug|iPhoneSimulator
		{2408881D-8D6F-4C22-A62E-1EB592055C86}.Debug|iPhone.ActiveCfg = Debug|iPhone
		{2408881D-8D6F-4C22-A62E-1EB592055C86}.Debug|iPhone.Build.0 = Debug|iPhone
		{2408881D-8D6F-4C22-A62E-1EB592055C86}.Debug|iPhoneSimulator.ActiveCfg = Debug|iPhoneSimulator
		{2408881D-8D6F-4C22-A62E-1EB592055C86}.Debug|iPhoneSimulator.Build.0 = Debug|iPhoneSimulator
		{2408881D-8D6F-4C22-A62E-1EB592055C86}.Release|Any CPU.ActiveCfg = Release|iPhone
		{2408881D-8D6F-4C22-A62E-1EB592055C86}.Release|Any CPU.Build.0 = Release|iPhone
		{2408881D-8D6F-4C22-A62E-1EB592055C86}.Release|iPhone.ActiveCfg = Release|iPhone
		{2408881D-8D6F-4C22-A62E-1EB592055C86}.Release|iPhone.Build.0 = Release|iPhone
		{2408881D-8D6F-4C22-A62E-1EB592055C86}.Release|iPhoneSimulator.ActiveCfg = Release|iPhoneSimulator
		{2408881D-8D6F-4C22-A62E-1EB592055C86}.Release|iPhoneSimulator.Build.0 = Release|iPhoneSimulator
		{C665A730-72C0-402C-B5C7-DAC797FFE00F}.Debug|Any CPU.ActiveCfg = Debug|Any CPU
		{C665A730-72C0-402C-B5C7-DAC797FFE00F}.Debug|Any CPU.Build.0 = Debug|Any CPU
		{C665A730-72C0-402C-B5C7-DAC797FFE00F}.Debug|iPhone.ActiveCfg = Debug|Any CPU
		{C665A730-72C0-402C-B5C7-DAC797FFE00F}.Debug|iPhone.Build.0 = Debug|Any CPU
		{C665A730-72C0-402C-B5C7-DAC797FFE00F}.Debug|iPhoneSimulator.ActiveCfg = Debug|Any CPU
		{C665A730-72C0-402C-B5C7-DAC797FFE00F}.Debug|iPhoneSimulator.Build.0 = Debug|Any CPU
		{C665A730-72C0-402C-B5C7-DAC797FFE00F}.Release|Any CPU.ActiveCfg = Release|Any CPU
		{C665A730-72C0-402C-B5C7-DAC797FFE00F}.Release|Any CPU.Build.0 = Release|Any CPU
		{C665A730-72C0-402C-B5C7-DAC797FFE00F}.Release|iPhone.ActiveCfg = Release|Any CPU
		{C665A730-72C0-402C-B5C7-DAC797FFE00F}.Release|iPhone.Build.0 = Release|Any CPU
		{C665A730-72C0-402C-B5C7-DAC797FFE00F}.Release|iPhoneSimulator.ActiveCfg = Release|Any CPU
		{C665A730-72C0-402C-B5C7-DAC797FFE00F}.Release|iPhoneSimulator.Build.0 = Release|Any CPU
		{F23C3D2A-195E-47C8-862F-B5CE0C53A6F6}.Debug|Any CPU.ActiveCfg = Debug|Any CPU
		{F23C3D2A-195E-47C8-862F-B5CE0C53A6F6}.Debug|Any CPU.Build.0 = Debug|Any CPU
		{F23C3D2A-195E-47C8-862F-B5CE0C53A6F6}.Debug|iPhone.ActiveCfg = Debug|Any CPU
		{F23C3D2A-195E-47C8-862F-B5CE0C53A6F6}.Debug|iPhone.Build.0 = Debug|Any CPU
		{F23C3D2A-195E-47C8-862F-B5CE0C53A6F6}.Debug|iPhoneSimulator.ActiveCfg = Debug|Any CPU
		{F23C3D2A-195E-47C8-862F-B5CE0C53A6F6}.Debug|iPhoneSimulator.Build.0 = Debug|Any CPU
		{F23C3D2A-195E-47C8-862F-B5CE0C53A6F6}.Release|Any CPU.ActiveCfg = Release|Any CPU
		{F23C3D2A-195E-47C8-862F-B5CE0C53A6F6}.Release|Any CPU.Build.0 = Release|Any CPU
		{F23C3D2A-195E-47C8-862F-B5CE0C53A6F6}.Release|iPhone.ActiveCfg = Release|Any CPU
		{F23C3D2A-195E-47C8-862F-B5CE0C53A6F6}.Release|iPhone.Build.0 = Release|Any CPU
		{F23C3D2A-195E-47C8-862F-B5CE0C53A6F6}.Release|iPhoneSimulator.ActiveCfg = Release|Any CPU
		{F23C3D2A-195E-47C8-862F-B5CE0C53A6F6}.Release|iPhoneSimulator.Build.0 = Release|Any CPU
	EndGlobalSection
	GlobalSection(NestedProjects) = preSolution
		{C665A730-72C0-402C-B5C7-DAC797FFE00F} = {F7E7996E-C910-49CD-B74A-FD3314A43645}
		{2408881D-8D6F-4C22-A62E-1EB592055C86} = {F7E7996E-C910-49CD-B74A-FD3314A43645}
	EndGlobalSection
EndGlobal
