
Microsoft Visual Studio Solution File, Format Version 12.00
# Visual Studio 2012
Project("{D954291E-2A0B-460D-934E-DC6B0785DB48}") = "qapp", "qapp\qapp.shproj", "{13FE7CB2-EAA8-4482-8E41-BB3F1D76B806}"
EndProject
Project("{FAE04EC0-301F-11D3-BF4B-00C04F79EFBC}") = "qapp.iOS", "iOS\qapp.iOS.csproj", "{C170A467-17D1-4941-9ED4-E07A1367775D}"
EndProject
Project("{FAE04EC0-301F-11D3-BF4B-00C04F79EFBC}") = "qapp.Droid", "Droid\qapp.Droid.csproj", "{22B87ECB-F262-470A-A56B-8BB7A5A7AFD2}"
EndProject
Global
	GlobalSection(SolutionConfigurationPlatforms) = preSolution
		Debug|iPhoneSimulator = Debug|iPhoneSimulator
		Release|iPhone = Release|iPhone
		Release|iPhoneSimulator = Release|iPhoneSimulator
		Debug|iPhone = Debug|iPhone
		Debug|Any CPU = Debug|Any CPU
		Release|Any CPU = Release|Any CPU
	EndGlobalSection
	GlobalSection(ProjectConfigurationPlatforms) = postSolution
		{22B87ECB-F262-470A-A56B-8BB7A5A7AFD2}.Debug|Any CPU.ActiveCfg = Debug|Any CPU
		{22B87ECB-F262-470A-A56B-8BB7A5A7AFD2}.Debug|Any CPU.Build.0 = Debug|Any CPU
		{22B87ECB-F262-470A-A56B-8BB7A5A7AFD2}.Debug|iPhone.ActiveCfg = Debug|Any CPU
		{22B87ECB-F262-470A-A56B-8BB7A5A7AFD2}.Debug|iPhone.Build.0 = Debug|Any CPU
		{22B87ECB-F262-470A-A56B-8BB7A5A7AFD2}.Debug|iPhoneSimulator.ActiveCfg = Debug|Any CPU
		{22B87ECB-F262-470A-A56B-8BB7A5A7AFD2}.Debug|iPhoneSimulator.Build.0 = Debug|Any CPU
		{22B87ECB-F262-470A-A56B-8BB7A5A7AFD2}.Release|Any CPU.ActiveCfg = Release|Any CPU
		{22B87ECB-F262-470A-A56B-8BB7A5A7AFD2}.Release|Any CPU.Build.0 = Release|Any CPU
		{22B87ECB-F262-470A-A56B-8BB7A5A7AFD2}.Release|iPhone.ActiveCfg = Release|Any CPU
		{22B87ECB-F262-470A-A56B-8BB7A5A7AFD2}.Release|iPhone.Build.0 = Release|Any CPU
		{22B87ECB-F262-470A-A56B-8BB7A5A7AFD2}.Release|iPhoneSimulator.ActiveCfg = Release|Any CPU
		{22B87ECB-F262-470A-A56B-8BB7A5A7AFD2}.Release|iPhoneSimulator.Build.0 = Release|Any CPU
		{C170A467-17D1-4941-9ED4-E07A1367775D}.Debug|Any CPU.ActiveCfg = Debug|iPhoneSimulator
		{C170A467-17D1-4941-9ED4-E07A1367775D}.Debug|Any CPU.Build.0 = Debug|iPhoneSimulator
		{C170A467-17D1-4941-9ED4-E07A1367775D}.Debug|iPhone.ActiveCfg = Debug|iPhone
		{C170A467-17D1-4941-9ED4-E07A1367775D}.Debug|iPhone.Build.0 = Debug|iPhone
		{C170A467-17D1-4941-9ED4-E07A1367775D}.Debug|iPhoneSimulator.ActiveCfg = Debug|iPhoneSimulator
		{C170A467-17D1-4941-9ED4-E07A1367775D}.Debug|iPhoneSimulator.Build.0 = Debug|iPhoneSimulator
		{C170A467-17D1-4941-9ED4-E07A1367775D}.Release|Any CPU.ActiveCfg = Release|iPhone
		{C170A467-17D1-4941-9ED4-E07A1367775D}.Release|Any CPU.Build.0 = Release|iPhone
		{C170A467-17D1-4941-9ED4-E07A1367775D}.Release|iPhone.ActiveCfg = Release|iPhone
		{C170A467-17D1-4941-9ED4-E07A1367775D}.Release|iPhone.Build.0 = Release|iPhone
		{C170A467-17D1-4941-9ED4-E07A1367775D}.Release|iPhoneSimulator.ActiveCfg = Release|iPhoneSimulator
		{C170A467-17D1-4941-9ED4-E07A1367775D}.Release|iPhoneSimulator.Build.0 = Release|iPhoneSimulator
	EndGlobalSection
EndGlobal
